<?xml version="1.0" encoding="utf-8"?>
<Project ToolsVersion="4.0" xmlns="http://schemas.microsoft.com/developer/msbuild/2003">
  <ItemGroup>
    <ClCompile Include="character.cpp" />
    <ClCompile Include="coordinates.cpp" />
    <ClCompile Include="main.cpp" />
    <ClCompile Include="map.cpp" />
    <ClCompile Include="Window.cpp" />
    <ClCompile Include="Tile.cpp" />
  </ItemGroup>
  <ItemGroup>
    <ClInclude Include="character.h" />
    <ClInclude Include="coordinates.h" />
    <ClInclude Include="main.h" />
    <ClInclude Include="map.h" />
    <ClInclude Include="Tile.h" />
    <ClInclude Include="Window.h" />
  </ItemGroup>
</Project>